
Microsoft Visual Studio Solution File, Format Version 12.00
# Visual Studio Version 17
VisualStudioVersion = 17.3.32825.248
MinimumVisualStudioVersion = 10.0.40219.1
Project("{9A19103F-16F7-4668-BE54-9A1E7A4F7556}") = "SomerenDAL", "SomerenDAL\SomerenDAL.csproj", "{F428338C-C12C-4691-B207-7FEDF09BF91C}"
EndProject
Project("{9A19103F-16F7-4668-BE54-9A1E7A4F7556}") = "SomerenModel", "SomerenModel\SomerenModel.csproj", "{AA1DA623-C0B4-4A12-8C72-2994ED16EC71}"
EndProject
Project("{9A19103F-16F7-4668-BE54-9A1E7A4F7556}") = "SomerenService", "SomerenService\SomerenService.csproj", "{B7DEF289-4A02-4018-8BD8-C5FA23AEB76F}"
EndProject
Project("{9A19103F-16F7-4668-BE54-9A1E7A4F7556}") = "SomerenUI", "SomerenUI\SomerenUI.csproj", "{DF52B9D6-58C5-49B9-964D-3AA0F288020F}"
EndProject
Global
	GlobalSection(SolutionConfigurationPlatforms) = preSolution
		Debug|Any CPU = Debug|Any CPU
		Release|Any CPU = Release|Any CPU
	EndGlobalSection
	GlobalSection(ProjectConfigurationPlatforms) = postSolution
		{F428338C-C12C-4691-B207-7FEDF09BF91C}.Debug|Any CPU.ActiveCfg = Debug|Any CPU
		{F428338C-C12C-4691-B207-7FEDF09BF91C}.Debug|Any CPU.Build.0 = Debug|Any CPU
		{F428338C-C12C-4691-B207-7FEDF09BF91C}.Release|Any CPU.ActiveCfg = Release|Any CPU
		{F428338C-C12C-4691-B207-7FEDF09BF91C}.Release|Any CPU.Build.0 = Release|Any CPU
		{AA1DA623-C0B4-4A12-8C72-2994ED16EC71}.Debug|Any CPU.ActiveCfg = Debug|Any CPU
		{AA1DA623-C0B4-4A12-8C72-2994ED16EC71}.Debug|Any CPU.Build.0 = Debug|Any CPU
		{AA1DA623-C0B4-4A12-8C72-2994ED16EC71}.Release|Any CPU.ActiveCfg = Release|Any CPU
		{AA1DA623-C0B4-4A12-8C72-2994ED16EC71}.Release|Any CPU.Build.0 = Release|Any CPU
		{B7DEF289-4A02-4018-8BD8-C5FA23AEB76F}.Debug|Any CPU.ActiveCfg = Debug|Any CPU
		{B7DEF289-4A02-4018-8BD8-C5FA23AEB76F}.Debug|Any CPU.Build.0 = Debug|Any CPU
		{B7DEF289-4A02-4018-8BD8-C5FA23AEB76F}.Release|Any CPU.ActiveCfg = Release|Any CPU
		{B7DEF289-4A02-4018-8BD8-C5FA23AEB76F}.Release|Any CPU.Build.0 = Release|Any CPU
		{DF52B9D6-58C5-49B9-964D-3AA0F288020F}.Debug|Any CPU.ActiveCfg = Debug|Any CPU
		{DF52B9D6-58C5-49B9-964D-3AA0F288020F}.Debug|Any CPU.Build.0 = Debug|Any CPU
		{DF52B9D6-58C5-49B9-964D-3AA0F288020F}.Release|Any CPU.ActiveCfg = Release|Any CPU
		{DF52B9D6-58C5-49B9-964D-3AA0F288020F}.Release|Any CPU.Build.0 = Release|Any CPU
	EndGlobalSection
	GlobalSection(SolutionProperties) = preSolution
		HideSolutionNode = FALSE
	EndGlobalSection
	GlobalSection(ExtensibilityGlobals) = postSolution
		SolutionGuid = {2602A77B-D065-43DB-93FE-1C37A389C8C2}
	EndGlobalSection
EndGlobal
